{
  "name": "new",
  "lockfileVersion": 3,
  "requires": true,
  "packages": {
    "": {
      "dependencies": {
        "react-router": "^3.2.6",
        "script": "^0.1.4",
        "scripts": "^0.1.0"
      }
    },
    "node_modules/concat-stream": {
      "version": "0.0.8",
      "resolved": "https://registry.npmjs.org/concat-stream/-/concat-stream-0.0.8.tgz",
      "integrity": "sha512-z19r8v2Wnqku4y2MO6oCOJi0L9ll/Jw0r+eXIb/DZPohj1fepAa2gSeRDY8UjdwrUnjJ7ZjQf7kX8YTwBM+GWg==",
      "engines": [
        "node >= 0.8.0"
      ]
    },
    "node_modules/create-react-class": {
      "version": "15.7.0",
      "resolved": "https://registry.npmjs.org/create-react-class/-/create-react-class-15.7.0.tgz",
      "integrity": "sha512-QZv4sFWG9S5RUvkTYWbflxeZX+JG7Cz0Tn33rQBJ+WFQTqTfUTjMjiv9tnfXazjsO5r0KhPs+AqCjyrQX6h2ng==",
      "dependencies": {
        "loose-envify": "^1.3.1",
        "object-assign": "^4.1.1"
      }
    },
    "node_modules/detective": {
      "version": "0.3.0-dz0",
      "resolved": "git+ssh://git@github.com/shtylman/node-detective.git#06d5cb4534818860b5a7f8d0a321dc7ae86d8e74",
      "license": "MIT",
      "dependencies": {
        "escodegen": "0.0.15",
        "esprima": "1.0.2"
      },
      "engines": {
        "node": ">=0.6.0"
      }
    },
    "node_modules/escodegen": {
      "version": "0.0.15",
      "resolved": "https://registry.npmjs.org/escodegen/-/escodegen-0.0.15.tgz",
      "integrity": "sha512-ALdTVKqhEj6bDf4pC0fXWRiUvhyJSJ0Ic8AdPuMGKckoa3gMXG+MPduI8TlDoSS84swDkfXeogXapbkErAHvDA==",
      "dependencies": {
        "esprima": ">= 1.0.0"
      },
      "bin": {
        "escodegen": "bin/escodegen.js",
        "esgenerate": "bin/esgenerate.js"
      },
      "engines": {
        "node": ">=0.4.0"
      },
      "optionalDependencies": {
        "source-map": ">= 0.1.2"
      }
    },
    "node_modules/esprima": {
      "version": "1.0.2",
      "resolved": "https://registry.npmjs.org/esprima/-/esprima-1.0.2.tgz",
      "integrity": "sha512-j2ZAN1Cm/rgsIEHgNa6eqvZjEtqFh8WEUdVswEpxj03AyzR1R6CHfunOpd9NOmLg0U18aAO2FunAjs49f5w0Yg==",
      "bin": {
        "esparse": "bin/esparse.js",
        "esvalidate": "bin/esvalidate.js"
      },
      "engines": {
        "node": ">=0.4.0"
      }
    },
    "node_modules/history": {
      "version": "3.3.0",
      "resolved": "https://registry.npmjs.org/history/-/history-3.3.0.tgz",
      "integrity": "sha512-ABLnJwKEZGXGqWsXaKYD8NNle49ZbKs1WEBlxrFsQ8dIudZpO5NJaH8WJOqh5lXVhAq7bHksfirrobBmrT7qBw==",
      "dependencies": {
        "invariant": "^2.2.1",
        "loose-envify": "^1.2.0",
        "query-string": "^4.2.2",
        "warning": "^3.0.0"
      }
    },
    "node_modules/hoist-non-react-statics": {
      "version": "3.3.2",
      "resolved": "https://registry.npmjs.org/hoist-non-react-statics/-/hoist-non-react-statics-3.3.2.tgz",
      "integrity": "sha512-/gGivxi8JPKWNm/W0jSmzcMPpfpPLc3dY/6GxhX2hQ9iGj3aDfklV4ET7NjKpSinLpJ5vafa9iiGIEZg10SfBw==",
      "dependencies": {
        "react-is": "^16.7.0"
      }
    },
    "node_modules/http-browserify": {
      "version": "0.1.2",
      "resolved": "https://registry.npmjs.org/http-browserify/-/http-browserify-0.1.2.tgz",
      "integrity": "sha512-50krmtUOhmKBnxcAfy2bYvBvDCT1KU1XFynfVpkzWaLDiN1yXcjyAqNZ0M+7Dn68MsM9ZZli0Q+0xpyaKy4LQw==",
      "dependencies": {
        "concat-stream": "0.0.8"
      }
    },
    "node_modules/invariant": {
      "version": "2.2.4",
      "resolved": "https://registry.npmjs.org/invariant/-/invariant-2.2.4.tgz",
      "integrity": "sha512-phJfQVBuaJM5raOpJjSfkiD6BpbCE4Ns//LaXl6wGYtUBY83nWS6Rf9tXm2e8VaK60JEjYldbPif/A2B1C2gNA==",
      "dependencies": {
        "loose-envify": "^1.0.0"
      }
    },
    "node_modules/js-tokens": {
      "version": "4.0.0",
      "resolved": "https://registry.npmjs.org/js-tokens/-/js-tokens-4.0.0.tgz",
      "integrity": "sha512-RdJUflcE3cUzKiMqQgsCu06FPu9UdIJO0beYbPhHN4k6apgJtifcoCtT9bcxOpYBtpD2kCM6Sbzg4CausW/PKQ=="
    },
    "node_modules/loose-envify": {
      "version": "1.4.0",
      "resolved": "https://registry.npmjs.org/loose-envify/-/loose-envify-1.4.0.tgz",
      "integrity": "sha512-lyuxPGr/Wfhrlem2CL/UcnUc1zcqKAImBDzukY7Y5F/yQiNdko6+fRLevlw1HgMySw7f611UIY408EtxRSoK3Q==",
      "dependencies": {
        "js-tokens": "^3.0.0 || ^4.0.0"
      },
      "bin": {
        "loose-envify": "cli.js"
      }
    },
    "node_modules/merge": {
      "version": "1.0.0",
      "resolved": "https://registry.npmjs.org/merge/-/merge-1.0.0.tgz",
      "integrity": "sha512-cC6PQ4VUbr1B1U/J9KrgANoa6Dn1P01a/JsWntA5Fl0fm43+dyMr4Ge2u8hj2EXqxLRUArLfRpuCryntasbMfw==",
      "engines": {
        "node": "*"
      }
    },
    "node_modules/object-assign": {
      "version": "4.1.1",
      "license": "MIT",
      "engines": {
        "node": ">=0.10.0"
      }
    },
    "node_modules/optimist": {
      "version": "0.3.4",
      "resolved": "https://registry.npmjs.org/optimist/-/optimist-0.3.4.tgz",
      "integrity": "sha512-CM668OmXLjrLKlVPze/bc0BIOZ0qoM5gWwEVurkjXPv6cgkybJ2TSt86nmaud+niwPfWHLOcgbbcRtA5zJgOIQ==",
      "dependencies": {
        "wordwrap": "~0.0.2"
      },
      "engines": {
        "node": "*"
      }
    },
    "node_modules/process": {
      "version": "0.5.0",
      "resolved": "https://registry.npmjs.org/process/-/process-0.5.0.tgz",
      "integrity": "sha512-keggeARIyaZK2e/EzBc3wiYR1dJuHRnTzBC+Y13Z2xEuKfTehFbWwm+FihyNL4eucO1kktW3elFCKgw4W7v/gg==",
      "engines": {
        "node": ">= 0.6.0"
      }
    },
    "node_modules/prop-types": {
      "version": "15.8.1",
      "resolved": "https://registry.npmjs.org/prop-types/-/prop-types-15.8.1.tgz",
      "integrity": "sha512-oj87CgZICdulUohogVAR7AjlC0327U4el4L6eAvOqCeudMDVU0NThNaV+b9Df4dXgSP1gXMTnPdhfe/2qDH5cg==",
      "dependencies": {
        "loose-envify": "^1.4.0",
        "object-assign": "^4.1.1",
        "react-is": "^16.13.1"
      }
    },
    "node_modules/query-string": {
      "version": "4.3.4",
      "resolved": "https://registry.npmjs.org/query-string/-/query-string-4.3.4.tgz",
      "integrity": "sha512-O2XLNDBIg1DnTOa+2XrIwSiXEV8h2KImXUnjhhn2+UsvZ+Es2uyd5CCRTNQlDGbzUQOW3aYCBx9rVA6dzsiY7Q==",
      "dependencies": {
        "object-assign": "^4.1.0",
        "strict-uri-encode": "^1.0.0"
      },
      "engines": {
        "node": ">=0.10.0"
      }
    },
    "node_modules/react-is": {
      "version": "16.13.1",
      "resolved": "https://registry.npmjs.org/react-is/-/react-is-16.13.1.tgz",
      "integrity": "sha512-24e6ynE2H+OKt4kqsOvNd8kBpV65zoxbA4BVsEOB3ARVWQki/DHzaUoC5KuON/BiccDaCCTZBuOcfZs70kR8bQ=="
    },
    "node_modules/react-router": {
      "version": "3.2.6",
      "resolved": "https://registry.npmjs.org/react-router/-/react-router-3.2.6.tgz",
      "integrity": "sha512-nlxtQE8B22hb/JxdaslI1tfZacxFU8x8BJryXOnR2RxB4vc01zuHYAHAIgmBkdk1kzXaA25hZxK6KAH/+CXArw==",
      "dependencies": {
        "create-react-class": "^15.5.1",
        "history": "^3.0.0",
        "hoist-non-react-statics": "^3.3.2",
        "invariant": "^2.2.1",
        "loose-envify": "^1.2.0",
        "prop-types": "^15.7.2",
        "react-is": "^16.13.0",
        "warning": "^3.0.0"
      },
      "peerDependencies": {
        "react": "^0.14.0 || ^15.0.0 || ^16.0.0"
      }
    },
    "node_modules/required": {
      "version": "0.0.8",
      "resolved": "https://registry.npmjs.org/required/-/required-0.0.8.tgz",
      "integrity": "sha512-wasO+1YxXedAmCtUuer65B28uyxOMeRZ97PHMCcMxpbq4ZVzlsHIhRFD2pqFLXQvqGU1fTjEmuXbXQXJrDg8dQ==",
      "dependencies": {
        "detective": "git://github.com/shtylman/node-detective.git#06d5cb"
      }
    },
    "node_modules/script": {
      "version": "0.1.4",
      "resolved": "https://registry.npmjs.org/script/-/script-0.1.4.tgz",
      "integrity": "sha512-TQ0634hj7trAFXnAew2GvNEB4CTOyO88YOdnEqdqKLBA3ohWLU7Qh6so+ZdxblBUeGC+PUTFUlQ4kxZBH/J4UQ==",
      "dependencies": {
        "http-browserify": "0.1.2",
        "merge": "1.0.0",
        "optimist": "0.3.4",
        "process": "0.5.0",
        "required": "0.0.8"
      },
      "bin": {
        "bundle": "bin/bundle"
      }
    },
    "node_modules/scripts": {
      "version": "0.1.0",
      "resolved": "https://registry.npmjs.org/scripts/-/scripts-0.1.0.tgz",
      "integrity": "sha512-URMy4uj80+USxik0E+P7OeagdYGRM6vJQ+8zADRRNjcoIVdouxB7B60P4G4y20TizSGXdE0nAW5sSM1IIXa3hw==",
      "engines": {
        "node": ">= 0.4.0"
      }
    },
    "node_modules/source-map": {
      "version": "0.7.4",
      "resolved": "https://registry.npmjs.org/source-map/-/source-map-0.7.4.tgz",
      "integrity": "sha512-l3BikUxvPOcn5E74dZiq5BGsTb5yEwhaTSzccU6t4sDOH8NWJCstKO5QT2CvtFoK6F0saL7p9xHAqHOlCPJygA==",
      "optional": true,
      "engines": {
        "node": ">= 8"
      }
    },
    "node_modules/strict-uri-encode": {
      "version": "1.1.0",
      "resolved": "https://registry.npmjs.org/strict-uri-encode/-/strict-uri-encode-1.1.0.tgz",
      "integrity": "sha512-R3f198pcvnB+5IpnBlRkphuE9n46WyVl8I39W/ZUTZLz4nqSP/oLYUrcnJrw462Ds8he4YKMov2efsTIw1BDGQ==",
      "engines": {
        "node": ">=0.10.0"
      }
    },
    "node_modules/warning": {
      "version": "3.0.0",
      "resolved": "https://registry.npmjs.org/warning/-/warning-3.0.0.tgz",
      "integrity": "sha512-jMBt6pUrKn5I+OGgtQ4YZLdhIeJmObddh6CsibPxyQ5yPZm1XExSyzC1LCNX7BzhxWgiHmizBWJTHJIjMjTQYQ==",
      "dependencies": {
        "loose-envify": "^1.0.0"
      }
    },
    "node_modules/wordwrap": {
      "version": "0.0.3",
      "resolved": "https://registry.npmjs.org/wordwrap/-/wordwrap-0.0.3.tgz",
      "integrity": "sha512-1tMA907+V4QmxV7dbRvb4/8MaRALK6q9Abid3ndMYnbyo8piisCmeONVqVSXqQA3KaP4SLt5b7ud6E2sqP8TFw==",
      "engines": {
        "node": ">=0.4.0"
      }
    }
  }
}
